// !$*UTF8*$!
{
	archiveVersion = 1;
	classes = {
	};
	objectVersion = 46;
	objects = {

/* Begin PBXBuildFile section */
		C31F984C1796664900E26266 /* BRHomeViewController.m in Sources */ = {isa = PBXBuildFile; fileRef = C31F984B1796664900E26266 /* BRHomeViewController.m */; };
		C31F984F179666E300E26266 /* BRDetailViewController.m in Sources */ = {isa = PBXBuildFile; fileRef = C31F984E179666E300E26266 /* BRDetailViewController.m */; };
		C31F985217966BE100E26266 /* BRBirthdayEditViewController.m in Sources */ = {isa = PBXBuildFile; fileRef = C31F985117966BE100E26266 /* BRBirthdayEditViewController.m */; };
		C31F985517966D4200E26266 /* BRCoreViewController.m in Sources */ = {isa = PBXBuildFile; fileRef = C31F985417966D4200E26266 /* BRCoreViewController.m */; };
		C31F98581796701A00E26266 /* BRNotesEditViewController.m in Sources */ = {isa = PBXBuildFile; fileRef = C31F98571796701A00E26266 /* BRNotesEditViewController.m */; };
		C31F985B179671B200E26266 /* BRSettingsViewController.m in Sources */ = {isa = PBXBuildFile; fileRef = C31F985A179671B200E26266 /* BRSettingsViewController.m */; };
		C31F985E1796728800E26266 /* BRNotificationTimeViewController.m in Sources */ = {isa = PBXBuildFile; fileRef = C31F985D1796728700E26266 /* BRNotificationTimeViewController.m */; };
		C31F9863179691C200E26266 /* icon-birthday-cake.png in Resources */ = {isa = PBXBuildFile; fileRef = C31F985F179691C200E26266 /* icon-birthday-cake.png */; };
		C31F9864179691C200E26266 /* icon-birthday-cake@2x.png in Resources */ = {isa = PBXBuildFile; fileRef = C31F9860179691C200E26266 /* icon-birthday-cake@2x.png */; };
		C31F9865179691C200E26266 /* thumbnail-background.png in Resources */ = {isa = PBXBuildFile; fileRef = C31F9861179691C200E26266 /* thumbnail-background.png */; };
		C31F9866179691C200E26266 /* thumbnail-background@2x.png in Resources */ = {isa = PBXBuildFile; fileRef = C31F9862179691C200E26266 /* thumbnail-background@2x.png */; };
		C31F986817969DC600E26266 /* birthdays.plist in Resources */ = {isa = PBXBuildFile; fileRef = C31F986717969DC600E26266 /* birthdays.plist */; };
		C31F987417969DE800E26266 /* aloe-blacc.jpg in Resources */ = {isa = PBXBuildFile; fileRef = C31F986A17969DE800E26266 /* aloe-blacc.jpg */; };
		C31F987517969DE800E26266 /* angelina-jolie.jpg in Resources */ = {isa = PBXBuildFile; fileRef = C31F986B17969DE800E26266 /* angelina-jolie.jpg */; };
		C31F987617969DE800E26266 /* brad-pitt.jpg in Resources */ = {isa = PBXBuildFile; fileRef = C31F986C17969DE800E26266 /* brad-pitt.jpg */; };
		C31F987717969DE800E26266 /* christina-aguilera.jpg in Resources */ = {isa = PBXBuildFile; fileRef = C31F986D17969DE800E26266 /* christina-aguilera.jpg */; };
		C31F987817969DE800E26266 /* jamie-oliver.jpg in Resources */ = {isa = PBXBuildFile; fileRef = C31F986E17969DE800E26266 /* jamie-oliver.jpg */; };
		C31F987917969DE800E26266 /* justin-bieber.jpg in Resources */ = {isa = PBXBuildFile; fileRef = C31F986F17969DE800E26266 /* justin-bieber.jpg */; };
		C31F987A17969DE800E26266 /* katy-perry.jpg in Resources */ = {isa = PBXBuildFile; fileRef = C31F987017969DE800E26266 /* katy-perry.jpg */; };
		C31F987B17969DE800E26266 /* olly-murs.jpg in Resources */ = {isa = PBXBuildFile; fileRef = C31F987117969DE800E26266 /* olly-murs.jpg */; };
		C31F987C17969DE800E26266 /* russell-brand.jpg in Resources */ = {isa = PBXBuildFile; fileRef = C31F987217969DE800E26266 /* russell-brand.jpg */; };
		C31F987D17969DE800E26266 /* scarlett-johansson.jpg in Resources */ = {isa = PBXBuildFile; fileRef = C31F987317969DE800E26266 /* scarlett-johansson.jpg */; };
		C332841717954963002B3621 /* UIKit.framework in Frameworks */ = {isa = PBXBuildFile; fileRef = C332841617954963002B3621 /* UIKit.framework */; };
		C332841917954963002B3621 /* Foundation.framework in Frameworks */ = {isa = PBXBuildFile; fileRef = C332841817954963002B3621 /* Foundation.framework */; };
		C332841B17954963002B3621 /* CoreGraphics.framework in Frameworks */ = {isa = PBXBuildFile; fileRef = C332841A17954963002B3621 /* CoreGraphics.framework */; };
		C332842117954963002B3621 /* InfoPlist.strings in Resources */ = {isa = PBXBuildFile; fileRef = C332841F17954963002B3621 /* InfoPlist.strings */; };
		C332842317954963002B3621 /* main.m in Sources */ = {isa = PBXBuildFile; fileRef = C332842217954963002B3621 /* main.m */; };
		C332842717954963002B3621 /* BRAppDelegate.m in Sources */ = {isa = PBXBuildFile; fileRef = C332842617954963002B3621 /* BRAppDelegate.m */; };
		C332843017954963002B3621 /* MainStoryboard.storyboard in Resources */ = {isa = PBXBuildFile; fileRef = C332842E17954963002B3621 /* MainStoryboard.storyboard */; };
		C332844417955222002B3621 /* Default-568h@2x.png in Resources */ = {isa = PBXBuildFile; fileRef = C332843B17955222002B3621 /* Default-568h@2x.png */; };
		C332844517955222002B3621 /* Default.png in Resources */ = {isa = PBXBuildFile; fileRef = C332843C17955222002B3621 /* Default.png */; };
		C332844617955222002B3621 /* Default@2x.png in Resources */ = {isa = PBXBuildFile; fileRef = C332843D17955222002B3621 /* Default@2x.png */; };
		C332844717955222002B3621 /* Icon-72.png in Resources */ = {isa = PBXBuildFile; fileRef = C332843E17955222002B3621 /* Icon-72.png */; };
		C332844817955222002B3621 /* Icon-72@2x.png in Resources */ = {isa = PBXBuildFile; fileRef = C332843F17955222002B3621 /* Icon-72@2x.png */; };
		C332844917955222002B3621 /* Icon-Small.png in Resources */ = {isa = PBXBuildFile; fileRef = C332844017955222002B3621 /* Icon-Small.png */; };
		C332844A17955222002B3621 /* Icon-Small@2x.png in Resources */ = {isa = PBXBuildFile; fileRef = C332844117955222002B3621 /* Icon-Small@2x.png */; };
		C332844B17955222002B3621 /* Icon.png in Resources */ = {isa = PBXBuildFile; fileRef = C332844217955222002B3621 /* Icon.png */; };
		C332844C17955222002B3621 /* Icon@2x.png in Resources */ = {isa = PBXBuildFile; fileRef = C332844317955222002B3621 /* Icon@2x.png */; };
		C3A1B9D2179FB57600685E32 /* UIImage+Thumbnail.m in Sources */ = {isa = PBXBuildFile; fileRef = C3A1B9D1179FB57600685E32 /* UIImage+Thumbnail.m */; };
		C3D45874179D0E1C004F26C3 /* BirthdayReminder.xcdatamodeld in Sources */ = {isa = PBXBuildFile; fileRef = C3D45872179D0E1C004F26C3 /* BirthdayReminder.xcdatamodeld */; };
		C3D45877179D0F55004F26C3 /* BRDBirthday.m in Sources */ = {isa = PBXBuildFile; fileRef = C3D45876179D0F55004F26C3 /* BRDBirthday.m */; };
		C3D4587A179D37D1004F26C3 /* BRDModel.m in Sources */ = {isa = PBXBuildFile; fileRef = C3D45879179D37D1004F26C3 /* BRDModel.m */; };
		C3D458B6179D3CB8004F26C3 /* CoreData.framework in Frameworks */ = {isa = PBXBuildFile; fileRef = C3D458B5179D3CB8004F26C3 /* CoreData.framework */; };
/* End PBXBuildFile section */

/* Begin PBXFileReference section */
		C31F984A1796664900E26266 /* BRHomeViewController.h */ = {isa = PBXFileReference; fileEncoding = 4; lastKnownFileType = sourcecode.c.h; path = BRHomeViewController.h; sourceTree = "<group>"; };
		C31F984B1796664900E26266 /* BRHomeViewController.m */ = {isa = PBXFileReference; fileEncoding = 4; lastKnownFileType = sourcecode.c.objc; path = BRHomeViewController.m; sourceTree = "<group>"; };
		C31F984D179666E300E26266 /* BRDetailViewController.h */ = {isa = PBXFileReference; fileEncoding = 4; lastKnownFileType = sourcecode.c.h; path = BRDetailViewController.h; sourceTree = "<group>"; };
		C31F984E179666E300E26266 /* BRDetailViewController.m */ = {isa = PBXFileReference; fileEncoding = 4; lastKnownFileType = sourcecode.c.objc; path = BRDetailViewController.m; sourceTree = "<group>"; };
		C31F985017966BE100E26266 /* BRBirthdayEditViewController.h */ = {isa = PBXFileReference; fileEncoding = 4; lastKnownFileType = sourcecode.c.h; path = BRBirthdayEditViewController.h; sourceTree = "<group>"; };
		C31F985117966BE100E26266 /* BRBirthdayEditViewController.m */ = {isa = PBXFileReference; fileEncoding = 4; lastKnownFileType = sourcecode.c.objc; path = BRBirthdayEditViewController.m; sourceTree = "<group>"; };
		C31F985317966D4200E26266 /* BRCoreViewController.h */ = {isa = PBXFileReference; fileEncoding = 4; lastKnownFileType = sourcecode.c.h; path = BRCoreViewController.h; sourceTree = "<group>"; };
		C31F985417966D4200E26266 /* BRCoreViewController.m */ = {isa = PBXFileReference; fileEncoding = 4; lastKnownFileType = sourcecode.c.objc; path = BRCoreViewController.m; sourceTree = "<group>"; };
		C31F98561796701A00E26266 /* BRNotesEditViewController.h */ = {isa = PBXFileReference; fileEncoding = 4; lastKnownFileType = sourcecode.c.h; path = BRNotesEditViewController.h; sourceTree = "<group>"; };
		C31F98571796701A00E26266 /* BRNotesEditViewController.m */ = {isa = PBXFileReference; fileEncoding = 4; lastKnownFileType = sourcecode.c.objc; path = BRNotesEditViewController.m; sourceTree = "<group>"; };
		C31F9859179671B200E26266 /* BRSettingsViewController.h */ = {isa = PBXFileReference; fileEncoding = 4; lastKnownFileType = sourcecode.c.h; path = BRSettingsViewController.h; sourceTree = "<group>"; };
		C31F985A179671B200E26266 /* BRSettingsViewController.m */ = {isa = PBXFileReference; fileEncoding = 4; lastKnownFileType = sourcecode.c.objc; path = BRSettingsViewController.m; sourceTree = "<group>"; };
		C31F985C1796728700E26266 /* BRNotificationTimeViewController.h */ = {isa = PBXFileReference; fileEncoding = 4; lastKnownFileType = sourcecode.c.h; path = BRNotificationTimeViewController.h; sourceTree = "<group>"; };
		C31F985D1796728700E26266 /* BRNotificationTimeViewController.m */ = {isa = PBXFileReference; fileEncoding = 4; lastKnownFileType = sourcecode.c.objc; path = BRNotificationTimeViewController.m; sourceTree = "<group>"; };
		C31F985F179691C200E26266 /* icon-birthday-cake.png */ = {isa = PBXFileReference; lastKnownFileType = image.png; path = "icon-birthday-cake.png"; sourceTree = "<group>"; };
		C31F9860179691C200E26266 /* icon-birthday-cake@2x.png */ = {isa = PBXFileReference; lastKnownFileType = image.png; path = "icon-birthday-cake@2x.png"; sourceTree = "<group>"; };
		C31F9861179691C200E26266 /* thumbnail-background.png */ = {isa = PBXFileReference; lastKnownFileType = image.png; path = "thumbnail-background.png"; sourceTree = "<group>"; };
		C31F9862179691C200E26266 /* thumbnail-background@2x.png */ = {isa = PBXFileReference; lastKnownFileType = image.png; path = "thumbnail-background@2x.png"; sourceTree = "<group>"; };
		C31F986717969DC600E26266 /* birthdays.plist */ = {isa = PBXFileReference; fileEncoding = 4; lastKnownFileType = text.plist.xml; name = birthdays.plist; path = ../birthdays.plist; sourceTree = "<group>"; };
		C31F986A17969DE800E26266 /* aloe-blacc.jpg */ = {isa = PBXFileReference; lastKnownFileType = image.jpeg; path = "aloe-blacc.jpg"; sourceTree = "<group>"; };
		C31F986B17969DE800E26266 /* angelina-jolie.jpg */ = {isa = PBXFileReference; lastKnownFileType = image.jpeg; path = "angelina-jolie.jpg"; sourceTree = "<group>"; };
		C31F986C17969DE800E26266 /* brad-pitt.jpg */ = {isa = PBXFileReference; lastKnownFileType = image.jpeg; path = "brad-pitt.jpg"; sourceTree = "<group>"; };
		C31F986D17969DE800E26266 /* christina-aguilera.jpg */ = {isa = PBXFileReference; lastKnownFileType = image.jpeg; path = "christina-aguilera.jpg"; sourceTree = "<group>"; };
		C31F986E17969DE800E26266 /* jamie-oliver.jpg */ = {isa = PBXFileReference; lastKnownFileType = image.jpeg; path = "jamie-oliver.jpg"; sourceTree = "<group>"; };
		C31F986F17969DE800E26266 /* justin-bieber.jpg */ = {isa = PBXFileReference; lastKnownFileType = image.jpeg; path = "justin-bieber.jpg"; sourceTree = "<group>"; };
		C31F987017969DE800E26266 /* katy-perry.jpg */ = {isa = PBXFileReference; lastKnownFileType = image.jpeg; path = "katy-perry.jpg"; sourceTree = "<group>"; };
		C31F987117969DE800E26266 /* olly-murs.jpg */ = {isa = PBXFileReference; lastKnownFileType = image.jpeg; path = "olly-murs.jpg"; sourceTree = "<group>"; };
		C31F987217969DE800E26266 /* russell-brand.jpg */ = {isa = PBXFileReference; lastKnownFileType = image.jpeg; path = "russell-brand.jpg"; sourceTree = "<group>"; };
		C31F987317969DE800E26266 /* scarlett-johansson.jpg */ = {isa = PBXFileReference; lastKnownFileType = image.jpeg; path = "scarlett-johansson.jpg"; sourceTree = "<group>"; };
		C332841317954963002B3621 /* Birthday Reminder.app */ = {isa = PBXFileReference; explicitFileType = wrapper.application; includeInIndex = 0; path = "Birthday Reminder.app"; sourceTree = BUILT_PRODUCTS_DIR; };
		C332841617954963002B3621 /* UIKit.framework */ = {isa = PBXFileReference; lastKnownFileType = wrapper.framework; name = UIKit.framework; path = System/Library/Frameworks/UIKit.framework; sourceTree = SDKROOT; };
		C332841817954963002B3621 /* Foundation.framework */ = {isa = PBXFileReference; lastKnownFileType = wrapper.framework; name = Foundation.framework; path = System/Library/Frameworks/Foundation.framework; sourceTree = SDKROOT; };
		C332841A17954963002B3621 /* CoreGraphics.framework */ = {isa = PBXFileReference; lastKnownFileType = wrapper.framework; name = CoreGraphics.framework; path = System/Library/Frameworks/CoreGraphics.framework; sourceTree = SDKROOT; };
		C332841E17954963002B3621 /* Birthday Reminder-Info.plist */ = {isa = PBXFileReference; lastKnownFileType = text.plist.xml; path = "Birthday Reminder-Info.plist"; sourceTree = "<group>"; };
		C332842017954963002B3621 /* en */ = {isa = PBXFileReference; lastKnownFileType = text.plist.strings; name = en; path = en.lproj/InfoPlist.strings; sourceTree = "<group>"; };
		C332842217954963002B3621 /* main.m */ = {isa = PBXFileReference; lastKnownFileType = sourcecode.c.objc; path = main.m; sourceTree = "<group>"; };
		C332842417954963002B3621 /* Birthday Reminder-Prefix.pch */ = {isa = PBXFileReference; lastKnownFileType = sourcecode.c.h; path = "Birthday Reminder-Prefix.pch"; sourceTree = "<group>"; };
		C332842517954963002B3621 /* BRAppDelegate.h */ = {isa = PBXFileReference; lastKnownFileType = sourcecode.c.h; path = BRAppDelegate.h; sourceTree = "<group>"; };
		C332842617954963002B3621 /* BRAppDelegate.m */ = {isa = PBXFileReference; lastKnownFileType = sourcecode.c.objc; path = BRAppDelegate.m; sourceTree = "<group>"; };
		C332842F17954963002B3621 /* en */ = {isa = PBXFileReference; lastKnownFileType = file.storyboard; name = en; path = en.lproj/MainStoryboard.storyboard; sourceTree = "<group>"; };
		C332843B17955222002B3621 /* Default-568h@2x.png */ = {isa = PBXFileReference; lastKnownFileType = image.png; path = "Default-568h@2x.png"; sourceTree = "<group>"; };
		C332843C17955222002B3621 /* Default.png */ = {isa = PBXFileReference; lastKnownFileType = image.png; path = Default.png; sourceTree = "<group>"; };
		C332843D17955222002B3621 /* Default@2x.png */ = {isa = PBXFileReference; lastKnownFileType = image.png; path = "Default@2x.png"; sourceTree = "<group>"; };
		C332843E17955222002B3621 /* Icon-72.png */ = {isa = PBXFileReference; lastKnownFileType = image.png; path = "Icon-72.png"; sourceTree = "<group>"; };
		C332843F17955222002B3621 /* Icon-72@2x.png */ = {isa = PBXFileReference; lastKnownFileType = image.png; path = "Icon-72@2x.png"; sourceTree = "<group>"; };
		C332844017955222002B3621 /* Icon-Small.png */ = {isa = PBXFileReference; lastKnownFileType = image.png; path = "Icon-Small.png"; sourceTree = "<group>"; };
		C332844117955222002B3621 /* Icon-Small@2x.png */ = {isa = PBXFileReference; lastKnownFileType = image.png; path = "Icon-Small@2x.png"; sourceTree = "<group>"; };
		C332844217955222002B3621 /* Icon.png */ = {isa = PBXFileReference; lastKnownFileType = image.png; path = Icon.png; sourceTree = "<group>"; };
		C332844317955222002B3621 /* Icon@2x.png */ = {isa = PBXFileReference; lastKnownFileType = image.png; path = "Icon@2x.png"; sourceTree = "<group>"; };
		C3A1B9D0179FB57600685E32 /* UIImage+Thumbnail.h */ = {isa = PBXFileReference; fileEncoding = 4; lastKnownFileType = sourcecode.c.h; name = "UIImage+Thumbnail.h"; path = "categories/UIImage+Thumbnail.h"; sourceTree = "<group>"; };
		C3A1B9D1179FB57600685E32 /* UIImage+Thumbnail.m */ = {isa = PBXFileReference; fileEncoding = 4; lastKnownFileType = sourcecode.c.objc; name = "UIImage+Thumbnail.m"; path = "categories/UIImage+Thumbnail.m"; sourceTree = "<group>"; };
		C3D45873179D0E1C004F26C3 /* BirthdayReminder.xcdatamodel */ = {isa = PBXFileReference; lastKnownFileType = wrapper.xcdatamodel; path = BirthdayReminder.xcdatamodel; sourceTree = "<group>"; };
		C3D45875179D0F55004F26C3 /* BRDBirthday.h */ = {isa = PBXFileReference; fileEncoding = 4; lastKnownFileType = sourcecode.c.h; path = BRDBirthday.h; sourceTree = "<group>"; };
		C3D45876179D0F55004F26C3 /* BRDBirthday.m */ = {isa = PBXFileReference; fileEncoding = 4; lastKnownFileType = sourcecode.c.objc; path = BRDBirthday.m; sourceTree = "<group>"; };
		C3D45878179D37D1004F26C3 /* BRDModel.h */ = {isa = PBXFileReference; fileEncoding = 4; lastKnownFileType = sourcecode.c.h; path = BRDModel.h; sourceTree = "<group>"; };
		C3D45879179D37D1004F26C3 /* BRDModel.m */ = {isa = PBXFileReference; fileEncoding = 4; lastKnownFileType = sourcecode.c.objc; path = BRDModel.m; sourceTree = "<group>"; };
		C3D458B5179D3CB8004F26C3 /* CoreData.framework */ = {isa = PBXFileReference; lastKnownFileType = wrapper.framework; name = CoreData.framework; path = System/Library/Frameworks/CoreData.framework; sourceTree = SDKROOT; };
/* End PBXFileReference section */

/* Begin PBXFrameworksBuildPhase section */
		C332841017954963002B3621 /* Frameworks */ = {
			isa = PBXFrameworksBuildPhase;
			buildActionMask = 2147483647;
			files = (
				C3D458B6179D3CB8004F26C3 /* CoreData.framework in Frameworks */,
				C332841717954963002B3621 /* UIKit.framework in Frameworks */,
				C332841917954963002B3621 /* Foundation.framework in Frameworks */,
				C332841B17954963002B3621 /* CoreGraphics.framework in Frameworks */,
			);
			runOnlyForDeploymentPostprocessing = 0;
		};
/* End PBXFrameworksBuildPhase section */

/* Begin PBXGroup section */
		C31F9848179665DE00E26266 /* ui */ = {
			isa = PBXGroup;
			children = (
				C31F9849179665DE00E26266 /* view-controllers */,
				C3A1B9D3179FB58100685E32 /* categories */,
			);
			path = ui;
			sourceTree = "<group>";
		};
		C31F9849179665DE00E26266 /* view-controllers */ = {
			isa = PBXGroup;
			children = (
				C31F985C1796728700E26266 /* BRNotificationTimeViewController.h */,
				C31F985D1796728700E26266 /* BRNotificationTimeViewController.m */,
				C31F98561796701A00E26266 /* BRNotesEditViewController.h */,
				C31F98571796701A00E26266 /* BRNotesEditViewController.m */,
				C31F984D179666E300E26266 /* BRDetailViewController.h */,
				C31F984E179666E300E26266 /* BRDetailViewController.m */,
				C31F984A1796664900E26266 /* BRHomeViewController.h */,
				C31F984B1796664900E26266 /* BRHomeViewController.m */,
				C31F985017966BE100E26266 /* BRBirthdayEditViewController.h */,
				C31F985117966BE100E26266 /* BRBirthdayEditViewController.m */,
				C31F985317966D4200E26266 /* BRCoreViewController.h */,
				C31F985417966D4200E26266 /* BRCoreViewController.m */,
				C31F9859179671B200E26266 /* BRSettingsViewController.h */,
				C31F985A179671B200E26266 /* BRSettingsViewController.m */,
			);
			path = "view-controllers";
			sourceTree = "<group>";
		};
		C31F986917969DE800E26266 /* Celebrity Pics */ = {
			isa = PBXGroup;
			children = (
				C31F986A17969DE800E26266 /* aloe-blacc.jpg */,
				C31F986B17969DE800E26266 /* angelina-jolie.jpg */,
				C31F986C17969DE800E26266 /* brad-pitt.jpg */,
				C31F986D17969DE800E26266 /* christina-aguilera.jpg */,
				C31F986E17969DE800E26266 /* jamie-oliver.jpg */,
				C31F986F17969DE800E26266 /* justin-bieber.jpg */,
				C31F987017969DE800E26266 /* katy-perry.jpg */,
				C31F987117969DE800E26266 /* olly-murs.jpg */,
				C31F987217969DE800E26266 /* russell-brand.jpg */,
				C31F987317969DE800E26266 /* scarlett-johansson.jpg */,
			);
			path = "Celebrity Pics";
			sourceTree = "<group>";
		};
		C332840A17954963002B3621 = {
			isa = PBXGroup;
			children = (
				C3D458B5179D3CB8004F26C3 /* CoreData.framework */,
				C332841C17954963002B3621 /* Birthday Reminder */,
				C332841517954963002B3621 /* Frameworks */,
				C332841417954963002B3621 /* Products */,
			);
			sourceTree = "<group>";
		};
		C332841417954963002B3621 /* Products */ = {
			isa = PBXGroup;
			children = (
				C332841317954963002B3621 /* Birthday Reminder.app */,
			);
			name = Products;
			sourceTree = "<group>";
		};
		C332841517954963002B3621 /* Frameworks */ = {
			isa = PBXGroup;
			children = (
				C332841617954963002B3621 /* UIKit.framework */,
				C332841817954963002B3621 /* Foundation.framework */,
				C332841A17954963002B3621 /* CoreGraphics.framework */,
			);
			name = Frameworks;
			sourceTree = "<group>";
		};
		C332841C17954963002B3621 /* Birthday Reminder */ = {
			isa = PBXGroup;
			children = (
				C31F9848179665DE00E26266 /* ui */,
				C332843917955222002B3621 /* resources */,
				C332842517954963002B3621 /* BRAppDelegate.h */,
				C332842617954963002B3621 /* BRAppDelegate.m */,
				C332842E17954963002B3621 /* MainStoryboard.storyboard */,
				C3D45871179D0DF4004F26C3 /* data */,
				C332841D17954963002B3621 /* Supporting Files */,
			);
			path = "Birthday Reminder";
			sourceTree = "<group>";
		};
		C332841D17954963002B3621 /* Supporting Files */ = {
			isa = PBXGroup;
			children = (
				C332841E17954963002B3621 /* Birthday Reminder-Info.plist */,
				C332841F17954963002B3621 /* InfoPlist.strings */,
				C332842217954963002B3621 /* main.m */,
				C332842417954963002B3621 /* Birthday Reminder-Prefix.pch */,
			);
			name = "Supporting Files";
			sourceTree = "<group>";
		};
		C332843917955222002B3621 /* resources */ = {
			isa = PBXGroup;
			children = (
				C31F986717969DC600E26266 /* birthdays.plist */,
				C332843A17955222002B3621 /* images */,
			);
			path = resources;
			sourceTree = "<group>";
		};
		C332843A17955222002B3621 /* images */ = {
			isa = PBXGroup;
			children = (
				C31F986917969DE800E26266 /* Celebrity Pics */,
				C31F985F179691C200E26266 /* icon-birthday-cake.png */,
				C31F9860179691C200E26266 /* icon-birthday-cake@2x.png */,
				C31F9861179691C200E26266 /* thumbnail-background.png */,
				C31F9862179691C200E26266 /* thumbnail-background@2x.png */,
				C332843B17955222002B3621 /* Default-568h@2x.png */,
				C332843C17955222002B3621 /* Default.png */,
				C332843D17955222002B3621 /* Default@2x.png */,
				C332843E17955222002B3621 /* Icon-72.png */,
				C332843F17955222002B3621 /* Icon-72@2x.png */,
				C332844017955222002B3621 /* Icon-Small.png */,
				C332844117955222002B3621 /* Icon-Small@2x.png */,
				C332844217955222002B3621 /* Icon.png */,
				C332844317955222002B3621 /* Icon@2x.png */,
			);
			path = images;
			sourceTree = "<group>";
		};
		C3A1B9D3179FB58100685E32 /* categories */ = {
			isa = PBXGroup;
			children = (
				C3A1B9D0179FB57600685E32 /* UIImage+Thumbnail.h */,
				C3A1B9D1179FB57600685E32 /* UIImage+Thumbnail.m */,
			);
			name = categories;
			sourceTree = "<group>";
		};
		C3D45871179D0DF4004F26C3 /* data */ = {
			isa = PBXGroup;
			children = (
				C3D45872179D0E1C004F26C3 /* BirthdayReminder.xcdatamodeld */,
				C3D45875179D0F55004F26C3 /* BRDBirthday.h */,
				C3D45876179D0F55004F26C3 /* BRDBirthday.m */,
				C3D45878179D37D1004F26C3 /* BRDModel.h */,
				C3D45879179D37D1004F26C3 /* BRDModel.m */,
			);
			path = data;
			sourceTree = "<group>";
		};
/* End PBXGroup section */

/* Begin PBXNativeTarget section */
		C332841217954963002B3621 /* Birthday Reminder */ = {
			isa = PBXNativeTarget;
			buildConfigurationList = C332843617954963002B3621 /* Build configuration list for PBXNativeTarget "Birthday Reminder" */;
			buildPhases = (
				C332840F17954963002B3621 /* Sources */,
				C332841017954963002B3621 /* Frameworks */,
				C332841117954963002B3621 /* Resources */,
			);
			buildRules = (
			);
			dependencies = (
			);
			name = "Birthday Reminder";
			productName = "Birthday Reminder";
			productReference = C332841317954963002B3621 /* Birthday Reminder.app */;
			productType = "com.apple.product-type.application";
		};
/* End PBXNativeTarget section */

/* Begin PBXProject section */
		C332840B17954963002B3621 /* Project object */ = {
			isa = PBXProject;
			attributes = {
				CLASSPREFIX = BR;
				LastUpgradeCheck = 0460;
				ORGANIZATIONNAME = Chan;
			};
			buildConfigurationList = C332840E17954963002B3621 /* Build configuration list for PBXProject "Birthday Reminder" */;
			compatibilityVersion = "Xcode 3.2";
			developmentRegion = English;
			hasScannedForEncodings = 0;
			knownRegions = (
				en,
			);
			mainGroup = C332840A17954963002B3621;
			productRefGroup = C332841417954963002B3621 /* Products */;
			projectDirPath = "";
			projectRoot = "";
			targets = (
				C332841217954963002B3621 /* Birthday Reminder */,
			);
		};
/* End PBXProject section */

/* Begin PBXResourcesBuildPhase section */
		C332841117954963002B3621 /* Resources */ = {
			isa = PBXResourcesBuildPhase;
			buildActionMask = 2147483647;
			files = (
				C332842117954963002B3621 /* InfoPlist.strings in Resources */,
				C332843017954963002B3621 /* MainStoryboard.storyboard in Resources */,
				C332844417955222002B3621 /* Default-568h@2x.png in Resources */,
				C332844517955222002B3621 /* Default.png in Resources */,
				C332844617955222002B3621 /* Default@2x.png in Resources */,
				C332844717955222002B3621 /* Icon-72.png in Resources */,
				C332844817955222002B3621 /* Icon-72@2x.png in Resources */,
				C332844917955222002B3621 /* Icon-Small.png in Resources */,
				C332844A17955222002B3621 /* Icon-Small@2x.png in Resources */,
				C332844B17955222002B3621 /* Icon.png in Resources */,
				C332844C17955222002B3621 /* Icon@2x.png in Resources */,
				C31F9863179691C200E26266 /* icon-birthday-cake.png in Resources */,
				C31F9864179691C200E26266 /* icon-birthday-cake@2x.png in Resources */,
				C31F9865179691C200E26266 /* thumbnail-background.png in Resources */,
				C31F9866179691C200E26266 /* thumbnail-background@2x.png in Resources */,
				C31F986817969DC600E26266 /* birthdays.plist in Resources */,
				C31F987417969DE800E26266 /* aloe-blacc.jpg in Resources */,
				C31F987517969DE800E26266 /* angelina-jolie.jpg in Resources */,
				C31F987617969DE800E26266 /* brad-pitt.jpg in Resources */,
				C31F987717969DE800E26266 /* christina-aguilera.jpg in Resources */,
				C31F987817969DE800E26266 /* jamie-oliver.jpg in Resources */,
				C31F987917969DE800E26266 /* justin-bieber.jpg in Resources */,
				C31F987A17969DE800E26266 /* katy-perry.jpg in Resources */,
				C31F987B17969DE800E26266 /* olly-murs.jpg in Resources */,
				C31F987C17969DE800E26266 /* russell-brand.jpg in Resources */,
				C31F987D17969DE800E26266 /* scarlett-johansson.jpg in Resources */,
			);
			runOnlyForDeploymentPostprocessing = 0;
		};
/* End PBXResourcesBuildPhase section */

/* Begin PBXSourcesBuildPhase section */
		C332840F17954963002B3621 /* Sources */ = {
			isa = PBXSourcesBuildPhase;
			buildActionMask = 2147483647;
			files = (
				C332842317954963002B3621 /* main.m in Sources */,
				C332842717954963002B3621 /* BRAppDelegate.m in Sources */,
				C31F984C1796664900E26266 /* BRHomeViewController.m in Sources */,
				C31F984F179666E300E26266 /* BRDetailViewController.m in Sources */,
				C31F985217966BE100E26266 /* BRBirthdayEditViewController.m in Sources */,
				C31F985517966D4200E26266 /* BRCoreViewController.m in Sources */,
				C31F98581796701A00E26266 /* BRNotesEditViewController.m in Sources */,
				C31F985B179671B200E26266 /* BRSettingsViewController.m in Sources */,
				C31F985E1796728800E26266 /* BRNotificationTimeViewController.m in Sources */,
				C3D45874179D0E1C004F26C3 /* BirthdayReminder.xcdatamodeld in Sources */,
				C3D45877179D0F55004F26C3 /* BRDBirthday.m in Sources */,
				C3D4587A179D37D1004F26C3 /* BRDModel.m in Sources */,
				C3A1B9D2179FB57600685E32 /* UIImage+Thumbnail.m in Sources */,
			);
			runOnlyForDeploymentPostprocessing = 0;
		};
/* End PBXSourcesBuildPhase section */

/* Begin PBXVariantGroup section */
		C332841F17954963002B3621 /* InfoPlist.strings */ = {
			isa = PBXVariantGroup;
			children = (
				C332842017954963002B3621 /* en */,
			);
			name = InfoPlist.strings;
			sourceTree = "<group>";
		};
		C332842E17954963002B3621 /* MainStoryboard.storyboard */ = {
			isa = PBXVariantGroup;
			children = (
				C332842F17954963002B3621 /* en */,
			);
			name = MainStoryboard.storyboard;
			sourceTree = "<group>";
		};
/* End PBXVariantGroup section */

/* Begin XCBuildConfiguration section */
		C332843417954963002B3621 /* Debug */ = {
			isa = XCBuildConfiguration;
			buildSettings = {
				ALWAYS_SEARCH_USER_PATHS = NO;
				CLANG_CXX_LANGUAGE_STANDARD = "gnu++0x";
				CLANG_CXX_LIBRARY = "libc++";
				CLANG_ENABLE_OBJC_ARC = YES;
				CLANG_WARN_CONSTANT_CONVERSION = YES;
				CLANG_WARN_EMPTY_BODY = YES;
				CLANG_WARN_ENUM_CONVERSION = YES;
				CLANG_WARN_INT_CONVERSION = YES;
				CLANG_WARN__DUPLICATE_METHOD_MATCH = YES;
				"CODE_SIGN_IDENTITY[sdk=iphoneos*]" = "iPhone Developer";
				COPY_PHASE_STRIP = NO;
				GCC_C_LANGUAGE_STANDARD = gnu99;
				GCC_DYNAMIC_NO_PIC = NO;
				GCC_OPTIMIZATION_LEVEL = 0;
				GCC_PREPROCESSOR_DEFINITIONS = (
					"DEBUG=1",
					"$(inherited)",
				);
				GCC_SYMBOLS_PRIVATE_EXTERN = NO;
				GCC_WARN_ABOUT_RETURN_TYPE = YES;
				GCC_WARN_UNINITIALIZED_AUTOS = YES;
				GCC_WARN_UNUSED_VARIABLE = YES;
				IPHONEOS_DEPLOYMENT_TARGET = 6.1;
				ONLY_ACTIVE_ARCH = YES;
				SDKROOT = iphoneos;
			};
			name = Debug;
		};
		C332843517954963002B3621 /* Release */ = {
			isa = XCBuildConfiguration;
			buildSettings = {
				ALWAYS_SEARCH_USER_PATHS = NO;
				CLANG_CXX_LANGUAGE_STANDARD = "gnu++0x";
				CLANG_CXX_LIBRARY = "libc++";
				CLANG_ENABLE_OBJC_ARC = YES;
				CLANG_WARN_CONSTANT_CONVERSION = YES;
				CLANG_WARN_EMPTY_BODY = YES;
				CLANG_WARN_ENUM_CONVERSION = YES;
				CLANG_WARN_INT_CONVERSION = YES;
				CLANG_WARN__DUPLICATE_METHOD_MATCH = YES;
				"CODE_SIGN_IDENTITY[sdk=iphoneos*]" = "iPhone Developer";
				COPY_PHASE_STRIP = YES;
				GCC_C_LANGUAGE_STANDARD = gnu99;
				GCC_WARN_ABOUT_RETURN_TYPE = YES;
				GCC_WARN_UNINITIALIZED_AUTOS = YES;
				GCC_WARN_UNUSED_VARIABLE = YES;
				IPHONEOS_DEPLOYMENT_TARGET = 6.1;
				OTHER_CFLAGS = "-DNS_BLOCK_ASSERTIONS=1";
				SDKROOT = iphoneos;
				VALIDATE_PRODUCT = YES;
			};
			name = Release;
		};
		C332843717954963002B3621 /* Debug */ = {
			isa = XCBuildConfiguration;
			buildSettings = {
				GCC_PRECOMPILE_PREFIX_HEADER = YES;
				GCC_PREFIX_HEADER = "Birthday Reminder/Birthday Reminder-Prefix.pch";
				INFOPLIST_FILE = "Birthday Reminder/Birthday Reminder-Info.plist";
				PRODUCT_NAME = "$(TARGET_NAME)";
				WRAPPER_EXTENSION = app;
			};
			name = Debug;
		};
		C332843817954963002B3621 /* Release */ = {
			isa = XCBuildConfiguration;
			buildSettings = {
				GCC_PRECOMPILE_PREFIX_HEADER = YES;
				GCC_PREFIX_HEADER = "Birthday Reminder/Birthday Reminder-Prefix.pch";
				INFOPLIST_FILE = "Birthday Reminder/Birthday Reminder-Info.plist";
				PRODUCT_NAME = "$(TARGET_NAME)";
				WRAPPER_EXTENSION = app;
			};
			name = Release;
		};
/* End XCBuildConfiguration section */

/* Begin XCConfigurationList section */
		C332840E17954963002B3621 /* Build configuration list for PBXProject "Birthday Reminder" */ = {
			isa = XCConfigurationList;
			buildConfigurations = (
				C332843417954963002B3621 /* Debug */,
				C332843517954963002B3621 /* Release */,
			);
			defaultConfigurationIsVisible = 0;
			defaultConfigurationName = Release;
		};
		C332843617954963002B3621 /* Build configuration list for PBXNativeTarget "Birthday Reminder" */ = {
			isa = XCConfigurationList;
			buildConfigurations = (
				C332843717954963002B3621 /* Debug */,
				C332843817954963002B3621 /* Release */,
			);
			defaultConfigurationIsVisible = 0;
			defaultConfigurationName = Release;
		};
/* End XCConfigurationList section */

/* Begin XCVersionGroup section */
		C3D45872179D0E1C004F26C3 /* BirthdayReminder.xcdatamodeld */ = {
			isa = XCVersionGroup;
			children = (
				C3D45873179D0E1C004F26C3 /* BirthdayReminder.xcdatamodel */,
			);
			currentVersion = C3D45873179D0E1C004F26C3 /* BirthdayReminder.xcdatamodel */;
			path = BirthdayReminder.xcdatamodeld;
			sourceTree = "<group>";
			versionGroupType = wrapper.xcdatamodel;
		};
/* End XCVersionGroup section */
	};
	rootObject = C332840B17954963002B3621 /* Project object */;
}
